
Microsoft Visual Studio Solution File, Format Version 12.00
# Visual Studio 2013
VisualStudioVersion = 12.0.21005.1
MinimumVisualStudioVersion = 10.0.40219.1
Project("{FAE04EC0-301F-11D3-BF4B-00C04F79EFBC}") = "MazeSolver", "MazeSolver\MazeSolver.csproj", "{4B3B7474-D568-4CA2-8D57-58B656741B3B}"
EndProject
Project("{FAE04EC0-301F-11D3-BF4B-00C04F79EFBC}") = "MazeSolverGUI", "MazeSolverGUI\MazeSolverGUI.csproj", "{EA9A2F8C-CA1A-4494-BA2A-500F22B5BAD3}"
EndProject
Global
	GlobalSection(SolutionConfigurationPlatforms) = preSolution
		Debug|Any CPU = Debug|Any CPU
		Release|Any CPU = Release|Any CPU
	EndGlobalSection
	GlobalSection(ProjectConfigurationPlatforms) = postSolution
		{4B3B7474-D568-4CA2-8D57-58B656741B3B}.Debug|Any CPU.ActiveCfg = Debug|Any CPU
		{4B3B7474-D568-4CA2-8D57-58B656741B3B}.Debug|Any CPU.Build.0 = Debug|Any CPU
		{4B3B7474-D568-4CA2-8D57-58B656741B3B}.Release|Any CPU.ActiveCfg = Release|Any CPU
		{4B3B7474-D568-4CA2-8D57-58B656741B3B}.Release|Any CPU.Build.0 = Release|Any CPU
		{EA9A2F8C-CA1A-4494-BA2A-500F22B5BAD3}.Debug|Any CPU.ActiveCfg = Debug|Any CPU
		{EA9A2F8C-CA1A-4494-BA2A-500F22B5BAD3}.Debug|Any CPU.Build.0 = Debug|Any CPU
		{EA9A2F8C-CA1A-4494-BA2A-500F22B5BAD3}.Release|Any CPU.ActiveCfg = Release|Any CPU
		{EA9A2F8C-CA1A-4494-BA2A-500F22B5BAD3}.Release|Any CPU.Build.0 = Release|Any CPU
	EndGlobalSection
	GlobalSection(SolutionProperties) = preSolution
		HideSolutionNode = FALSE
	EndGlobalSection
EndGlobal
